
Microsoft Visual Studio Solution File, Format Version 12.00
# Visual Studio Version 16
VisualStudioVersion = 16.0.31624.102
MinimumVisualStudioVersion = 10.0.40219.1
Project("{FAE04EC0-301F-11D3-BF4B-00C04F79EFBC}") = "tapas-app", "tapas-app.csproj", "{FB904407-EBD5-40AD-891E-791CD7644ACD}"
EndProject
Global
	GlobalSection(SolutionConfigurationPlatforms) = preSolution
		Debug|Any CPU = Debug|Any CPU
		Release|Any CPU = Release|Any CPU
	EndGlobalSection
	GlobalSection(ProjectConfigurationPlatforms) = postSolution
		{FB904407-EBD5-40AD-891E-791CD7644ACD}.Debug|Any CPU.ActiveCfg = Debug|Any CPU
		{FB904407-EBD5-40AD-891E-791CD7644ACD}.Debug|Any CPU.Build.0 = Debug|Any CPU
		{FB904407-EBD5-40AD-891E-791CD7644ACD}.Release|Any CPU.ActiveCfg = Release|Any CPU
		{FB904407-EBD5-40AD-891E-791CD7644ACD}.Release|Any CPU.Build.0 = Release|Any CPU
	EndGlobalSection
	GlobalSection(SolutionProperties) = preSolution
		HideSolutionNode = FALSE
	EndGlobalSection
	GlobalSection(ExtensibilityGlobals) = postSolution
		SolutionGuid = {041F4532-3B01-4F05-9357-792CC1D6D25D}
	EndGlobalSection
EndGlobal
